
Microsoft Visual Studio Solution File, Format Version 12.00
# Visual Studio 14
VisualStudioVersion = 14.0.25420.1
MinimumVisualStudioVersion = 10.0.40219.1
Project("{FAE04EC0-301F-11D3-BF4B-00C04F79EFBC}") = "Get selected text or HTML for the frame WPFBrowser", "Get selected text or HTML for the frame WPFBrowser\Get selected text or HTML for the frame WPFBrowser.csproj", "{ACB30D47-F296-401D-81E9-4019D1FB73D4}"
EndProject
Global
	GlobalSection(SolutionConfigurationPlatforms) = preSolution
		Debug|Any CPU = Debug|Any CPU
		Release|Any CPU = Release|Any CPU
	EndGlobalSection
	GlobalSection(ProjectConfigurationPlatforms) = postSolution
		{ACB30D47-F296-401D-81E9-4019D1FB73D4}.Debug|Any CPU.ActiveCfg = Debug|Any CPU
		{ACB30D47-F296-401D-81E9-4019D1FB73D4}.Debug|Any CPU.Build.0 = Debug|Any CPU
		{ACB30D47-F296-401D-81E9-4019D1FB73D4}.Release|Any CPU.ActiveCfg = Release|Any CPU
		{ACB30D47-F296-401D-81E9-4019D1FB73D4}.Release|Any CPU.Build.0 = Release|Any CPU
	EndGlobalSection
	GlobalSection(SolutionProperties) = preSolution
		HideSolutionNode = FALSE
	EndGlobalSection
EndGlobal
